
Microsoft Visual Studio Solution File, Format Version 12.00
# Visual Studio 15
VisualStudioVersion = 15.0.27004.2010
MinimumVisualStudioVersion = 10.0.40219.1
Project("{FAE04EC0-301F-11D3-BF4B-00C04F79EFBC}") = "gz_sensor", "gz_sensor\gz_sensor.csproj", "{16E1B4BA-8FA0-42BE-902F-0CF4374C7C3D}"
EndProject
Global
	GlobalSection(SolutionConfigurationPlatforms) = preSolution
		Debug|Any CPU = Debug|Any CPU
		Release|Any CPU = Release|Any CPU
	EndGlobalSection
	GlobalSection(ProjectConfigurationPlatforms) = postSolution
		{16E1B4BA-8FA0-42BE-902F-0CF4374C7C3D}.Debug|Any CPU.ActiveCfg = Debug|Any CPU
		{16E1B4BA-8FA0-42BE-902F-0CF4374C7C3D}.Debug|Any CPU.Build.0 = Debug|Any CPU
		{16E1B4BA-8FA0-42BE-902F-0CF4374C7C3D}.Release|Any CPU.ActiveCfg = Release|Any CPU
		{16E1B4BA-8FA0-42BE-902F-0CF4374C7C3D}.Release|Any CPU.Build.0 = Release|Any CPU
	EndGlobalSection
	GlobalSection(SolutionProperties) = preSolution
		HideSolutionNode = FALSE
	EndGlobalSection
	GlobalSection(ExtensibilityGlobals) = postSolution
		SolutionGuid = {706041FD-B6D7-4F33-9219-693028286A7E}
	EndGlobalSection
EndGlobal
